
Microsoft Visual Studio Solution File, Format Version 12.00
# Visual Studio Version 16
VisualStudioVersion = 16.0.31424.327
MinimumVisualStudioVersion = 10.0.40219.1
Project("{FAE04EC0-301F-11D3-BF4B-00C04F79EFBC}") = "DocumentApprovalWorkflowApp", "DocumentApprovalWorkflowApp\DocumentApprovalWorkflowApp.csproj", "{074A04DB-7113-4173-9A9A-2D93B38B3620}"
EndProject
Global
	GlobalSection(SolutionConfigurationPlatforms) = preSolution
		Debug|Any CPU = Debug|Any CPU
		Release|Any CPU = Release|Any CPU
	EndGlobalSection
	GlobalSection(ProjectConfigurationPlatforms) = postSolution
		{074A04DB-7113-4173-9A9A-2D93B38B3620}.Debug|Any CPU.ActiveCfg = Debug|Any CPU
		{074A04DB-7113-4173-9A9A-2D93B38B3620}.Debug|Any CPU.Build.0 = Debug|Any CPU
		{074A04DB-7113-4173-9A9A-2D93B38B3620}.Release|Any CPU.ActiveCfg = Release|Any CPU
		{074A04DB-7113-4173-9A9A-2D93B38B3620}.Release|Any CPU.Build.0 = Release|Any CPU
	EndGlobalSection
	GlobalSection(SolutionProperties) = preSolution
		HideSolutionNode = FALSE
	EndGlobalSection
	GlobalSection(ExtensibilityGlobals) = postSolution
		SolutionGuid = {C648140F-C0A8-49DD-99ED-125C30F11AB9}
	EndGlobalSection
EndGlobal
